{
    "_readme": [
        "This file locks the dependencies of your project to a known state",
        "Read more about it at https://getcomposer.org/doc/01-basic-usage.md#installing-dependencies",
        "This file is @generated automatically"
    ],
    "content-hash": "02fd5ec0049ce0facbe55e4b357e39cd",
    "packages": [
        {
            "name": "dynamicpdf/api",
            "version": "v1.1.1",
            "source": {
                "type": "git",
                "url": "https://github.com/dynamicpdf-api/php-client.git",
                "reference": "8679938e7eeb8c7986c3709b8f03581e091b9036"
            },
            "dist": {
                "type": "zip",
                "url": "https://api.github.com/repos/dynamicpdf-api/php-client/zipball/8679938e7eeb8c7986c3709b8f03581e091b9036",
                "reference": "8679938e7eeb8c7986c3709b8f03581e091b9036",
                "shasum": ""
            },
            "require": {
                "ext-curl": "*",
                "ext-fileinfo": "*",
                "php": ">=7.3"
            },
            "require-dev": {
                "phpunit/phpunit": "^9"
            },
            "type": "library",
            "autoload": {
                "psr-4": {
                    "DynamicPDF\\Api\\": "src/"
                }
            },
            "notification-url": "https://packagist.org/downloads/",
            "license": [
                "MIT"
            ],
            "authors": [
                {
                    "name": "DynamicPDF API",
                    "email": "support@dynamicpdf.com"
                }
            ],
            "description": "PHP client library for the DynamicPDF Cloud API.",
            "homepage": "https://cloud.dynamicpdf.com/",
            "keywords": [
                "api",
                "create",
                "encrypt",
                "form fill",
                "merge",
                "pdf",
                "report"
            ],
            "support": {
                "issues": "https://github.com/dynamicpdf-api/php-client/issues",
                "source": "https://github.com/dynamicpdf-api/php-client/tree/v1.1.1"
            },
            "time": "2023-03-20T14:02:10+00:00"
        }
    ],
    "packages-dev": [],
    "aliases": [],
    "minimum-stability": "dev",
    "stability-flags": [],
    "prefer-stable": false,
    "prefer-lowest": false,
    "platform": [],
    "platform-dev": [],
    "plugin-api-version": "2.3.0"
}
